
Microsoft Visual Studio Solution File, Format Version 12.00
# Visual Studio 15
VisualStudioVersion = 15.0.28307.852
MinimumVisualStudioVersion = 10.0.40219.1
Project("{8BC9CEB8-8B4A-11D0-8D11-00A0C91BC942}") = "Book_Management", "Book_Management\Book_Management.vcxproj", "{EC9BDEF7-E4AD-4DA1-A697-0DCF78375AF8}"
EndProject
Global
	GlobalSection(SolutionConfigurationPlatforms) = preSolution
		Debug|x64 = Debug|x64
		Debug|x86 = Debug|x86
		Release|x64 = Release|x64
		Release|x86 = Release|x86
	EndGlobalSection
	GlobalSection(ProjectConfigurationPlatforms) = postSolution
		{EC9BDEF7-E4AD-4DA1-A697-0DCF78375AF8}.Debug|x64.ActiveCfg = Debug|x64
		{EC9BDEF7-E4AD-4DA1-A697-0DCF78375AF8}.Debug|x64.Build.0 = Debug|x64
		{EC9BDEF7-E4AD-4DA1-A697-0DCF78375AF8}.Debug|x86.ActiveCfg = Debug|Win32
		{EC9BDEF7-E4AD-4DA1-A697-0DCF78375AF8}.Debug|x86.Build.0 = Debug|Win32
		{EC9BDEF7-E4AD-4DA1-A697-0DCF78375AF8}.Release|x64.ActiveCfg = Release|x64
		{EC9BDEF7-E4AD-4DA1-A697-0DCF78375AF8}.Release|x64.Build.0 = Release|x64
		{EC9BDEF7-E4AD-4DA1-A697-0DCF78375AF8}.Release|x86.ActiveCfg = Release|Win32
		{EC9BDEF7-E4AD-4DA1-A697-0DCF78375AF8}.Release|x86.Build.0 = Release|Win32
	EndGlobalSection
	GlobalSection(SolutionProperties) = preSolution
		HideSolutionNode = FALSE
	EndGlobalSection
	GlobalSection(ExtensibilityGlobals) = postSolution
		SolutionGuid = {CD61EF62-7C0A-4749-B2D7-5B54AE6EDEF7}
	EndGlobalSection
EndGlobal
